
Microsoft Visual Studio Solution File, Format Version 12.00
# Visual Studio Version 16
VisualStudioVersion = 16.0.28803.352
MinimumVisualStudioVersion = 10.0.40219.1
Project("{9A19103F-16F7-4668-BE54-9A1E7A4F7556}") = "upload2gdc", "src\upload2gdc\upload2gdc.csproj", "{8BA8AA92-5C18-4029-B52B-485530621F7A}"
EndProject
Global
	GlobalSection(SolutionConfigurationPlatforms) = preSolution
		Debug|Any CPU = Debug|Any CPU
		Debug|x64 = Debug|x64
		Release|Any CPU = Release|Any CPU
		Release|x64 = Release|x64
	EndGlobalSection
	GlobalSection(ProjectConfigurationPlatforms) = postSolution
		{8BA8AA92-5C18-4029-B52B-485530621F7A}.Debug|Any CPU.ActiveCfg = Debug|Any CPU
		{8BA8AA92-5C18-4029-B52B-485530621F7A}.Debug|Any CPU.Build.0 = Debug|Any CPU
		{8BA8AA92-5C18-4029-B52B-485530621F7A}.Debug|x64.ActiveCfg = Debug|Any CPU
		{8BA8AA92-5C18-4029-B52B-485530621F7A}.Debug|x64.Build.0 = Debug|Any CPU
		{8BA8AA92-5C18-4029-B52B-485530621F7A}.Release|Any CPU.ActiveCfg = Release|Any CPU
		{8BA8AA92-5C18-4029-B52B-485530621F7A}.Release|Any CPU.Build.0 = Release|Any CPU
		{8BA8AA92-5C18-4029-B52B-485530621F7A}.Release|x64.ActiveCfg = Release|Any CPU
		{8BA8AA92-5C18-4029-B52B-485530621F7A}.Release|x64.Build.0 = Release|Any CPU
	EndGlobalSection
	GlobalSection(SolutionProperties) = preSolution
		HideSolutionNode = FALSE
	EndGlobalSection
	GlobalSection(ExtensibilityGlobals) = postSolution
		SolutionGuid = {93F07A77-6176-44C9-88C1-457BBDF86CEB}
	EndGlobalSection
EndGlobal
